
Microsoft Visual Studio Solution File, Format Version 12.00
# Visual Studio Version 17
VisualStudioVersion = 17.11.35327.3
MinimumVisualStudioVersion = 10.0.40219.1
Project("{FAE04EC0-301F-11D3-BF4B-00C04F79EFBC}") = "Linked liste", "Linked liste\Linked liste.csproj", "{6E0B2AC6-B31B-44A1-B7AD-7137EECC404D}"
EndProject
Global
	GlobalSection(SolutionConfigurationPlatforms) = preSolution
		Debug|Any CPU = Debug|Any CPU
		Release|Any CPU = Release|Any CPU
	EndGlobalSection
	GlobalSection(ProjectConfigurationPlatforms) = postSolution
		{6E0B2AC6-B31B-44A1-B7AD-7137EECC404D}.Debug|Any CPU.ActiveCfg = Debug|Any CPU
		{6E0B2AC6-B31B-44A1-B7AD-7137EECC404D}.Debug|Any CPU.Build.0 = Debug|Any CPU
		{6E0B2AC6-B31B-44A1-B7AD-7137EECC404D}.Release|Any CPU.ActiveCfg = Release|Any CPU
		{6E0B2AC6-B31B-44A1-B7AD-7137EECC404D}.Release|Any CPU.Build.0 = Release|Any CPU
	EndGlobalSection
	GlobalSection(SolutionProperties) = preSolution
		HideSolutionNode = FALSE
	EndGlobalSection
	GlobalSection(ExtensibilityGlobals) = postSolution
		SolutionGuid = {4FEFA93E-3B79-48FF-8A7B-009A3A7A3F5C}
	EndGlobalSection
EndGlobal
